
Microsoft Visual Studio Solution File, Format Version 12.00
# Visual Studio Version 17
VisualStudioVersion = 17.6.33723.286
MinimumVisualStudioVersion = 10.0.40219.1
Project("{FAE04EC0-301F-11D3-BF4B-00C04F79EFBC}") = "Nine_prac_C_sharp", "Nine_prac_C_sharp.csproj", "{B3A74283-9E43-4B65-9090-E8DE0E0CBE80}"
EndProject
Global
	GlobalSection(SolutionConfigurationPlatforms) = preSolution
		Debug|Any CPU = Debug|Any CPU
		Release|Any CPU = Release|Any CPU
	EndGlobalSection
	GlobalSection(ProjectConfigurationPlatforms) = postSolution
		{B3A74283-9E43-4B65-9090-E8DE0E0CBE80}.Debug|Any CPU.ActiveCfg = Debug|Any CPU
		{B3A74283-9E43-4B65-9090-E8DE0E0CBE80}.Debug|Any CPU.Build.0 = Debug|Any CPU
		{B3A74283-9E43-4B65-9090-E8DE0E0CBE80}.Release|Any CPU.ActiveCfg = Release|Any CPU
		{B3A74283-9E43-4B65-9090-E8DE0E0CBE80}.Release|Any CPU.Build.0 = Release|Any CPU
	EndGlobalSection
	GlobalSection(SolutionProperties) = preSolution
		HideSolutionNode = FALSE
	EndGlobalSection
	GlobalSection(ExtensibilityGlobals) = postSolution
		SolutionGuid = {37B393A4-D3B5-4504-8FDD-B837DCB24E0F}
	EndGlobalSection
EndGlobal
